
Microsoft Visual Studio Solution File, Format Version 12.00
# Visual Studio Version 17
VisualStudioVersion = 17.9.34728.123
MinimumVisualStudioVersion = 10.0.40219.1
Project("{FAE04EC0-301F-11D3-BF4B-00C04F79EFBC}") = "Tabuada", "Tabuada\Tabuada.csproj", "{5FF1A90E-98EF-4F2D-8A91-4CFA6F980F1C}"
EndProject
Global
	GlobalSection(SolutionConfigurationPlatforms) = preSolution
		Debug|Any CPU = Debug|Any CPU
		Release|Any CPU = Release|Any CPU
	EndGlobalSection
	GlobalSection(ProjectConfigurationPlatforms) = postSolution
		{5FF1A90E-98EF-4F2D-8A91-4CFA6F980F1C}.Debug|Any CPU.ActiveCfg = Debug|Any CPU
		{5FF1A90E-98EF-4F2D-8A91-4CFA6F980F1C}.Debug|Any CPU.Build.0 = Debug|Any CPU
		{5FF1A90E-98EF-4F2D-8A91-4CFA6F980F1C}.Release|Any CPU.ActiveCfg = Release|Any CPU
		{5FF1A90E-98EF-4F2D-8A91-4CFA6F980F1C}.Release|Any CPU.Build.0 = Release|Any CPU
	EndGlobalSection
	GlobalSection(SolutionProperties) = preSolution
		HideSolutionNode = FALSE
	EndGlobalSection
	GlobalSection(ExtensibilityGlobals) = postSolution
		SolutionGuid = {1D54829A-E089-4EF1-A837-A30957D2041F}
	EndGlobalSection
EndGlobal
