
Microsoft Visual Studio Solution File, Format Version 12.00
# Visual Studio Version 17
VisualStudioVersion = 17.9.34728.123
MinimumVisualStudioVersion = 10.0.40219.1
Project("{FAE04EC0-301F-11D3-BF4B-00C04F79EFBC}") = "08 - Médias", "08 - Médias\08 - Médias.csproj", "{1A095C03-9A34-46AF-BD10-BEF6FDDA6263}"
EndProject
Global
	GlobalSection(SolutionConfigurationPlatforms) = preSolution
		Debug|Any CPU = Debug|Any CPU
		Release|Any CPU = Release|Any CPU
	EndGlobalSection
	GlobalSection(ProjectConfigurationPlatforms) = postSolution
		{1A095C03-9A34-46AF-BD10-BEF6FDDA6263}.Debug|Any CPU.ActiveCfg = Debug|Any CPU
		{1A095C03-9A34-46AF-BD10-BEF6FDDA6263}.Debug|Any CPU.Build.0 = Debug|Any CPU
		{1A095C03-9A34-46AF-BD10-BEF6FDDA6263}.Release|Any CPU.ActiveCfg = Release|Any CPU
		{1A095C03-9A34-46AF-BD10-BEF6FDDA6263}.Release|Any CPU.Build.0 = Release|Any CPU
	EndGlobalSection
	GlobalSection(SolutionProperties) = preSolution
		HideSolutionNode = FALSE
	EndGlobalSection
	GlobalSection(ExtensibilityGlobals) = postSolution
		SolutionGuid = {52CF5790-2540-4A6D-A571-35604495718F}
	EndGlobalSection
EndGlobal
